
Microsoft Visual Studio Solution File, Format Version 12.00
# Visual Studio Version 17
VisualStudioVersion = 17.11.35208.52
MinimumVisualStudioVersion = 10.0.40219.1
Project("{9A19103F-16F7-4668-BE54-9A1E7A4F7556}") = "IISDeploy", "IISDeploy\IISDeploy.csproj", "{7F686839-09FA-40AD-8651-E9A8EFD91CAA}"
EndProject
Project("{54435603-DBB4-11D2-8724-00A0C9A8B90C}") = "IISDeploy Setup", "IISDeploy Setup\IISDeploy Setup.vdproj", "{A14A13A9-A2ED-48D0-A875-A88036BD6FBF}"
EndProject
Global
	GlobalSection(SolutionConfigurationPlatforms) = preSolution
		Debug|Any CPU = Debug|Any CPU
		Release|Any CPU = Release|Any CPU
	EndGlobalSection
	GlobalSection(ProjectConfigurationPlatforms) = postSolution
		{7F686839-09FA-40AD-8651-E9A8EFD91CAA}.Debug|Any CPU.ActiveCfg = Debug|Any CPU
		{7F686839-09FA-40AD-8651-E9A8EFD91CAA}.Debug|Any CPU.Build.0 = Debug|Any CPU
		{7F686839-09FA-40AD-8651-E9A8EFD91CAA}.Release|Any CPU.ActiveCfg = Release|Any CPU
		{7F686839-09FA-40AD-8651-E9A8EFD91CAA}.Release|Any CPU.Build.0 = Release|Any CPU
		{A14A13A9-A2ED-48D0-A875-A88036BD6FBF}.Debug|Any CPU.ActiveCfg = Debug
		{A14A13A9-A2ED-48D0-A875-A88036BD6FBF}.Release|Any CPU.ActiveCfg = Release
	EndGlobalSection
	GlobalSection(SolutionProperties) = preSolution
		HideSolutionNode = FALSE
	EndGlobalSection
	GlobalSection(ExtensibilityGlobals) = postSolution
		SolutionGuid = {F6C31CE9-2576-4052-ABE2-60DB8E59314B}
	EndGlobalSection
EndGlobal
